
Microsoft Visual Studio Solution File, Format Version 12.00
# Visual Studio Version 17
VisualStudioVersion = 17.0.31903.59
MinimumVisualStudioVersion = 10.0.40219.1
Project("{2150E333-8FDC-42A3-9474-1A3956D46DE8}") = "src", "src", "{827E0CD3-B72D-47B6-A68D-7590B98EB39B}"
EndProject
Project("{FAE04EC0-301F-11D3-BF4B-00C04F79EFBC}") = "VoiceTypePL.App", "src\VoiceTypePL.App\VoiceTypePL.App.csproj", "{3719D349-D331-4580-A041-01A2C4EBD48F}"
EndProject
Project("{FAE04EC0-301F-11D3-BF4B-00C04F79EFBC}") = "VoiceTypePL.Audio", "src\VoiceTypePL.Audio\VoiceTypePL.Audio.csproj", "{E7013E1B-0C8F-4F26-930C-FE27772EBAF5}"
EndProject
Project("{FAE04EC0-301F-11D3-BF4B-00C04F79EFBC}") = "VoiceTypePL.Vad", "src\VoiceTypePL.Vad\VoiceTypePL.Vad.csproj", "{62D5D80D-E524-402C-ADB5-5B03B6F584CB}"
EndProject
Project("{FAE04EC0-301F-11D3-BF4B-00C04F79EFBC}") = "VoiceTypePL.Stt", "src\VoiceTypePL.Stt\VoiceTypePL.Stt.csproj", "{D04B6D75-C197-4975-B9FD-06760DB9ADB4}"
EndProject
Project("{FAE04EC0-301F-11D3-BF4B-00C04F79EFBC}") = "VoiceTypePL.Injection", "src\VoiceTypePL.Injection\VoiceTypePL.Injection.csproj", "{7B4E5EC4-D710-4A79-9902-2038903D126D}"
EndProject
Project("{FAE04EC0-301F-11D3-BF4B-00C04F79EFBC}") = "VoiceTypePL.EditEngine", "src\VoiceTypePL.EditEngine\VoiceTypePL.EditEngine.csproj", "{53D906AA-A4A6-4F52-AB9D-26769FEF90FF}"
EndProject
Project("{FAE04EC0-301F-11D3-BF4B-00C04F79EFBC}") = "VoiceTypePL.Core", "src\VoiceTypePL.Core\VoiceTypePL.Core.csproj", "{0BED1FFD-0798-44F0-AF5A-B2EE606FCF23}"
EndProject
Project("{FAE04EC0-301F-11D3-BF4B-00C04F79EFBC}") = "VoiceTypePL.Stt.Tests", "tests\VoiceTypePL.Stt.Tests\VoiceTypePL.Stt.Tests.csproj", "{13661247-21DF-40C1-A62F-089DFE6A32D2}"
EndProject
Project("{FAE04EC0-301F-11D3-BF4B-00C04F79EFBC}") = "VoiceTypePL.EditEngine.Tests", "tests\VoiceTypePL.EditEngine.Tests\VoiceTypePL.EditEngine.Tests.csproj", "{DFB80728-D76A-4CD8-985E-EDA2293FC66E}"
EndProject
Project("{2150E333-8FDC-42A3-9474-1A3956D46DE8}") = "tests", "tests", "{0AB3BF05-4346-4AA6-1389-037BE0695223}"
EndProject
Project("{FAE04EC0-301F-11D3-BF4B-00C04F79EFBC}") = "VoiceTypePL.Vad.Tests", "tests\VoiceTypePL.Vad.Tests\VoiceTypePL.Vad.Tests.csproj", "{A69D9E0B-6C1D-4B14-983D-5B83D7E01F76}"
EndProject
Project("{FAE04EC0-301F-11D3-BF4B-00C04F79EFBC}") = "VoiceTypePL.App.Tests", "tests\VoiceTypePL.App.Tests\VoiceTypePL.App.Tests.csproj", "{5B78B259-31EA-46B6-A7F8-A73C0743E9C6}"
EndProject
Global
	GlobalSection(SolutionConfigurationPlatforms) = preSolution
		Debug|Any CPU = Debug|Any CPU
		Debug|x64 = Debug|x64
		Debug|x86 = Debug|x86
		Release|Any CPU = Release|Any CPU
		Release|x64 = Release|x64
		Release|x86 = Release|x86
	EndGlobalSection
	GlobalSection(ProjectConfigurationPlatforms) = postSolution
		{3719D349-D331-4580-A041-01A2C4EBD48F}.Debug|Any CPU.ActiveCfg = Debug|Any CPU
		{3719D349-D331-4580-A041-01A2C4EBD48F}.Debug|Any CPU.Build.0 = Debug|Any CPU
		{3719D349-D331-4580-A041-01A2C4EBD48F}.Debug|x64.ActiveCfg = Debug|Any CPU
		{3719D349-D331-4580-A041-01A2C4EBD48F}.Debug|x64.Build.0 = Debug|Any CPU
		{3719D349-D331-4580-A041-01A2C4EBD48F}.Debug|x86.ActiveCfg = Debug|Any CPU
		{3719D349-D331-4580-A041-01A2C4EBD48F}.Debug|x86.Build.0 = Debug|Any CPU
		{3719D349-D331-4580-A041-01A2C4EBD48F}.Release|Any CPU.ActiveCfg = Release|Any CPU
		{3719D349-D331-4580-A041-01A2C4EBD48F}.Release|Any CPU.Build.0 = Release|Any CPU
		{3719D349-D331-4580-A041-01A2C4EBD48F}.Release|x64.ActiveCfg = Release|Any CPU
		{3719D349-D331-4580-A041-01A2C4EBD48F}.Release|x64.Build.0 = Release|Any CPU
		{3719D349-D331-4580-A041-01A2C4EBD48F}.Release|x86.ActiveCfg = Release|Any CPU
		{3719D349-D331-4580-A041-01A2C4EBD48F}.Release|x86.Build.0 = Release|Any CPU
		{E7013E1B-0C8F-4F26-930C-FE27772EBAF5}.Debug|Any CPU.ActiveCfg = Debug|Any CPU
		{E7013E1B-0C8F-4F26-930C-FE27772EBAF5}.Debug|Any CPU.Build.0 = Debug|Any CPU
		{E7013E1B-0C8F-4F26-930C-FE27772EBAF5}.Debug|x64.ActiveCfg = Debug|Any CPU
		{E7013E1B-0C8F-4F26-930C-FE27772EBAF5}.Debug|x64.Build.0 = Debug|Any CPU
		{E7013E1B-0C8F-4F26-930C-FE27772EBAF5}.Debug|x86.ActiveCfg = Debug|Any CPU
		{E7013E1B-0C8F-4F26-930C-FE27772EBAF5}.Debug|x86.Build.0 = Debug|Any CPU
		{E7013E1B-0C8F-4F26-930C-FE27772EBAF5}.Release|Any CPU.ActiveCfg = Release|Any CPU
		{E7013E1B-0C8F-4F26-930C-FE27772EBAF5}.Release|Any CPU.Build.0 = Release|Any CPU
		{E7013E1B-0C8F-4F26-930C-FE27772EBAF5}.Release|x64.ActiveCfg = Release|Any CPU
		{E7013E1B-0C8F-4F26-930C-FE27772EBAF5}.Release|x64.Build.0 = Release|Any CPU
		{E7013E1B-0C8F-4F26-930C-FE27772EBAF5}.Release|x86.ActiveCfg = Release|Any CPU
		{E7013E1B-0C8F-4F26-930C-FE27772EBAF5}.Release|x86.Build.0 = Release|Any CPU
		{62D5D80D-E524-402C-ADB5-5B03B6F584CB}.Debug|Any CPU.ActiveCfg = Debug|Any CPU
		{62D5D80D-E524-402C-ADB5-5B03B6F584CB}.Debug|Any CPU.Build.0 = Debug|Any CPU
		{62D5D80D-E524-402C-ADB5-5B03B6F584CB}.Debug|x64.ActiveCfg = Debug|Any CPU
		{62D5D80D-E524-402C-ADB5-5B03B6F584CB}.Debug|x64.Build.0 = Debug|Any CPU
		{62D5D80D-E524-402C-ADB5-5B03B6F584CB}.Debug|x86.ActiveCfg = Debug|Any CPU
		{62D5D80D-E524-402C-ADB5-5B03B6F584CB}.Debug|x86.Build.0 = Debug|Any CPU
		{62D5D80D-E524-402C-ADB5-5B03B6F584CB}.Release|Any CPU.ActiveCfg = Release|Any CPU
		{62D5D80D-E524-402C-ADB5-5B03B6F584CB}.Release|Any CPU.Build.0 = Release|Any CPU
		{62D5D80D-E524-402C-ADB5-5B03B6F584CB}.Release|x64.ActiveCfg = Release|Any CPU
		{62D5D80D-E524-402C-ADB5-5B03B6F584CB}.Release|x64.Build.0 = Release|Any CPU
		{62D5D80D-E524-402C-ADB5-5B03B6F584CB}.Release|x86.ActiveCfg = Release|Any CPU
		{62D5D80D-E524-402C-ADB5-5B03B6F584CB}.Release|x86.Build.0 = Release|Any CPU
		{D04B6D75-C197-4975-B9FD-06760DB9ADB4}.Debug|Any CPU.ActiveCfg = Debug|Any CPU
		{D04B6D75-C197-4975-B9FD-06760DB9ADB4}.Debug|Any CPU.Build.0 = Debug|Any CPU
		{D04B6D75-C197-4975-B9FD-06760DB9ADB4}.Debug|x64.ActiveCfg = Debug|Any CPU
		{D04B6D75-C197-4975-B9FD-06760DB9ADB4}.Debug|x64.Build.0 = Debug|Any CPU
		{D04B6D75-C197-4975-B9FD-06760DB9ADB4}.Debug|x86.ActiveCfg = Debug|Any CPU
		{D04B6D75-C197-4975-B9FD-06760DB9ADB4}.Debug|x86.Build.0 = Debug|Any CPU
		{D04B6D75-C197-4975-B9FD-06760DB9ADB4}.Release|Any CPU.ActiveCfg = Release|Any CPU
		{D04B6D75-C197-4975-B9FD-06760DB9ADB4}.Release|Any CPU.Build.0 = Release|Any CPU
		{D04B6D75-C197-4975-B9FD-06760DB9ADB4}.Release|x64.ActiveCfg = Release|Any CPU
		{D04B6D75-C197-4975-B9FD-06760DB9ADB4}.Release|x64.Build.0 = Release|Any CPU
		{D04B6D75-C197-4975-B9FD-06760DB9ADB4}.Release|x86.ActiveCfg = Release|Any CPU
		{D04B6D75-C197-4975-B9FD-06760DB9ADB4}.Release|x86.Build.0 = Release|Any CPU
		{7B4E5EC4-D710-4A79-9902-2038903D126D}.Debug|Any CPU.ActiveCfg = Debug|Any CPU
		{7B4E5EC4-D710-4A79-9902-2038903D126D}.Debug|Any CPU.Build.0 = Debug|Any CPU
		{7B4E5EC4-D710-4A79-9902-2038903D126D}.Debug|x64.ActiveCfg = Debug|Any CPU
		{7B4E5EC4-D710-4A79-9902-2038903D126D}.Debug|x64.Build.0 = Debug|Any CPU
		{7B4E5EC4-D710-4A79-9902-2038903D126D}.Debug|x86.ActiveCfg = Debug|Any CPU
		{7B4E5EC4-D710-4A79-9902-2038903D126D}.Debug|x86.Build.0 = Debug|Any CPU
		{7B4E5EC4-D710-4A79-9902-2038903D126D}.Release|Any CPU.ActiveCfg = Release|Any CPU
		{7B4E5EC4-D710-4A79-9902-2038903D126D}.Release|Any CPU.Build.0 = Release|Any CPU
		{7B4E5EC4-D710-4A79-9902-2038903D126D}.Release|x64.ActiveCfg = Release|Any CPU
		{7B4E5EC4-D710-4A79-9902-2038903D126D}.Release|x64.Build.0 = Release|Any CPU
		{7B4E5EC4-D710-4A79-9902-2038903D126D}.Release|x86.ActiveCfg = Release|Any CPU
		{7B4E5EC4-D710-4A79-9902-2038903D126D}.Release|x86.Build.0 = Release|Any CPU
		{53D906AA-A4A6-4F52-AB9D-26769FEF90FF}.Debug|Any CPU.ActiveCfg = Debug|Any CPU
		{53D906AA-A4A6-4F52-AB9D-26769FEF90FF}.Debug|Any CPU.Build.0 = Debug|Any CPU
		{53D906AA-A4A6-4F52-AB9D-26769FEF90FF}.Debug|x64.ActiveCfg = Debug|Any CPU
		{53D906AA-A4A6-4F52-AB9D-26769FEF90FF}.Debug|x64.Build.0 = Debug|Any CPU
		{53D906AA-A4A6-4F52-AB9D-26769FEF90FF}.Debug|x86.ActiveCfg = Debug|Any CPU
		{53D906AA-A4A6-4F52-AB9D-26769FEF90FF}.Debug|x86.Build.0 = Debug|Any CPU
		{53D906AA-A4A6-4F52-AB9D-26769FEF90FF}.Release|Any CPU.ActiveCfg = Release|Any CPU
		{53D906AA-A4A6-4F52-AB9D-26769FEF90FF}.Release|Any CPU.Build.0 = Release|Any CPU
		{53D906AA-A4A6-4F52-AB9D-26769FEF90FF}.Release|x64.ActiveCfg = Release|Any CPU
		{53D906AA-A4A6-4F52-AB9D-26769FEF90FF}.Release|x64.Build.0 = Release|Any CPU
		{53D906AA-A4A6-4F52-AB9D-26769FEF90FF}.Release|x86.ActiveCfg = Release|Any CPU
		{53D906AA-A4A6-4F52-AB9D-26769FEF90FF}.Release|x86.Build.0 = Release|Any CPU
		{0BED1FFD-0798-44F0-AF5A-B2EE606FCF23}.Debug|Any CPU.ActiveCfg = Debug|Any CPU
		{0BED1FFD-0798-44F0-AF5A-B2EE606FCF23}.Debug|Any CPU.Build.0 = Debug|Any CPU
		{0BED1FFD-0798-44F0-AF5A-B2EE606FCF23}.Debug|x64.ActiveCfg = Debug|Any CPU
		{0BED1FFD-0798-44F0-AF5A-B2EE606FCF23}.Debug|x64.Build.0 = Debug|Any CPU
		{0BED1FFD-0798-44F0-AF5A-B2EE606FCF23}.Debug|x86.ActiveCfg = Debug|Any CPU
		{0BED1FFD-0798-44F0-AF5A-B2EE606FCF23}.Debug|x86.Build.0 = Debug|Any CPU
		{0BED1FFD-0798-44F0-AF5A-B2EE606FCF23}.Release|Any CPU.ActiveCfg = Release|Any CPU
		{0BED1FFD-0798-44F0-AF5A-B2EE606FCF23}.Release|Any CPU.Build.0 = Release|Any CPU
		{0BED1FFD-0798-44F0-AF5A-B2EE606FCF23}.Release|x64.ActiveCfg = Release|Any CPU
		{0BED1FFD-0798-44F0-AF5A-B2EE606FCF23}.Release|x64.Build.0 = Release|Any CPU
		{0BED1FFD-0798-44F0-AF5A-B2EE606FCF23}.Release|x86.ActiveCfg = Release|Any CPU
		{0BED1FFD-0798-44F0-AF5A-B2EE606FCF23}.Release|x86.Build.0 = Release|Any CPU
		{13661247-21DF-40C1-A62F-089DFE6A32D2}.Debug|Any CPU.ActiveCfg = Debug|Any CPU
		{13661247-21DF-40C1-A62F-089DFE6A32D2}.Debug|Any CPU.Build.0 = Debug|Any CPU
		{13661247-21DF-40C1-A62F-089DFE6A32D2}.Debug|x64.ActiveCfg = Debug|Any CPU
		{13661247-21DF-40C1-A62F-089DFE6A32D2}.Debug|x64.Build.0 = Debug|Any CPU
		{13661247-21DF-40C1-A62F-089DFE6A32D2}.Debug|x86.ActiveCfg = Debug|Any CPU
		{13661247-21DF-40C1-A62F-089DFE6A32D2}.Debug|x86.Build.0 = Debug|Any CPU
		{13661247-21DF-40C1-A62F-089DFE6A32D2}.Release|Any CPU.ActiveCfg = Release|Any CPU
		{13661247-21DF-40C1-A62F-089DFE6A32D2}.Release|Any CPU.Build.0 = Release|Any CPU
		{13661247-21DF-40C1-A62F-089DFE6A32D2}.Release|x64.ActiveCfg = Release|Any CPU
		{13661247-21DF-40C1-A62F-089DFE6A32D2}.Release|x64.Build.0 = Release|Any CPU
		{13661247-21DF-40C1-A62F-089DFE6A32D2}.Release|x86.ActiveCfg = Release|Any CPU
		{13661247-21DF-40C1-A62F-089DFE6A32D2}.Release|x86.Build.0 = Release|Any CPU
		{DFB80728-D76A-4CD8-985E-EDA2293FC66E}.Debug|Any CPU.ActiveCfg = Debug|Any CPU
		{DFB80728-D76A-4CD8-985E-EDA2293FC66E}.Debug|Any CPU.Build.0 = Debug|Any CPU
		{DFB80728-D76A-4CD8-985E-EDA2293FC66E}.Debug|x64.ActiveCfg = Debug|Any CPU
		{DFB80728-D76A-4CD8-985E-EDA2293FC66E}.Debug|x64.Build.0 = Debug|Any CPU
		{DFB80728-D76A-4CD8-985E-EDA2293FC66E}.Debug|x86.ActiveCfg = Debug|Any CPU
		{DFB80728-D76A-4CD8-985E-EDA2293FC66E}.Debug|x86.Build.0 = Debug|Any CPU
		{DFB80728-D76A-4CD8-985E-EDA2293FC66E}.Release|Any CPU.ActiveCfg = Release|Any CPU
		{DFB80728-D76A-4CD8-985E-EDA2293FC66E}.Release|Any CPU.Build.0 = Release|Any CPU
		{DFB80728-D76A-4CD8-985E-EDA2293FC66E}.Release|x64.ActiveCfg = Release|Any CPU
		{DFB80728-D76A-4CD8-985E-EDA2293FC66E}.Release|x64.Build.0 = Release|Any CPU
		{DFB80728-D76A-4CD8-985E-EDA2293FC66E}.Release|x86.ActiveCfg = Release|Any CPU
		{DFB80728-D76A-4CD8-985E-EDA2293FC66E}.Release|x86.Build.0 = Release|Any CPU
		{A69D9E0B-6C1D-4B14-983D-5B83D7E01F76}.Debug|Any CPU.ActiveCfg = Debug|Any CPU
		{A69D9E0B-6C1D-4B14-983D-5B83D7E01F76}.Debug|Any CPU.Build.0 = Debug|Any CPU
		{A69D9E0B-6C1D-4B14-983D-5B83D7E01F76}.Debug|x64.ActiveCfg = Debug|Any CPU
		{A69D9E0B-6C1D-4B14-983D-5B83D7E01F76}.Debug|x64.Build.0 = Debug|Any CPU
		{A69D9E0B-6C1D-4B14-983D-5B83D7E01F76}.Debug|x86.ActiveCfg = Debug|Any CPU
		{A69D9E0B-6C1D-4B14-983D-5B83D7E01F76}.Debug|x86.Build.0 = Debug|Any CPU
		{A69D9E0B-6C1D-4B14-983D-5B83D7E01F76}.Release|Any CPU.ActiveCfg = Release|Any CPU
		{A69D9E0B-6C1D-4B14-983D-5B83D7E01F76}.Release|Any CPU.Build.0 = Release|Any CPU
		{A69D9E0B-6C1D-4B14-983D-5B83D7E01F76}.Release|x64.ActiveCfg = Release|Any CPU
		{A69D9E0B-6C1D-4B14-983D-5B83D7E01F76}.Release|x64.Build.0 = Release|Any CPU
		{A69D9E0B-6C1D-4B14-983D-5B83D7E01F76}.Release|x86.ActiveCfg = Release|Any CPU
		{A69D9E0B-6C1D-4B14-983D-5B83D7E01F76}.Release|x86.Build.0 = Release|Any CPU
		{5B78B259-31EA-46B6-A7F8-A73C0743E9C6}.Debug|Any CPU.ActiveCfg = Debug|Any CPU
		{5B78B259-31EA-46B6-A7F8-A73C0743E9C6}.Debug|Any CPU.Build.0 = Debug|Any CPU
		{5B78B259-31EA-46B6-A7F8-A73C0743E9C6}.Debug|x64.ActiveCfg = Debug|Any CPU
		{5B78B259-31EA-46B6-A7F8-A73C0743E9C6}.Debug|x64.Build.0 = Debug|Any CPU
		{5B78B259-31EA-46B6-A7F8-A73C0743E9C6}.Debug|x86.ActiveCfg = Debug|Any CPU
		{5B78B259-31EA-46B6-A7F8-A73C0743E9C6}.Debug|x86.Build.0 = Debug|Any CPU
		{5B78B259-31EA-46B6-A7F8-A73C0743E9C6}.Release|Any CPU.ActiveCfg = Release|Any CPU
		{5B78B259-31EA-46B6-A7F8-A73C0743E9C6}.Release|Any CPU.Build.0 = Release|Any CPU
		{5B78B259-31EA-46B6-A7F8-A73C0743E9C6}.Release|x64.ActiveCfg = Release|Any CPU
		{5B78B259-31EA-46B6-A7F8-A73C0743E9C6}.Release|x64.Build.0 = Release|Any CPU
		{5B78B259-31EA-46B6-A7F8-A73C0743E9C6}.Release|x86.ActiveCfg = Release|Any CPU
		{5B78B259-31EA-46B6-A7F8-A73C0743E9C6}.Release|x86.Build.0 = Release|Any CPU
	EndGlobalSection
	GlobalSection(SolutionProperties) = preSolution
		HideSolutionNode = FALSE
	EndGlobalSection
	GlobalSection(NestedProjects) = preSolution
		{3719D349-D331-4580-A041-01A2C4EBD48F} = {827E0CD3-B72D-47B6-A68D-7590B98EB39B}
		{E7013E1B-0C8F-4F26-930C-FE27772EBAF5} = {827E0CD3-B72D-47B6-A68D-7590B98EB39B}
		{62D5D80D-E524-402C-ADB5-5B03B6F584CB} = {827E0CD3-B72D-47B6-A68D-7590B98EB39B}
		{D04B6D75-C197-4975-B9FD-06760DB9ADB4} = {827E0CD3-B72D-47B6-A68D-7590B98EB39B}
		{7B4E5EC4-D710-4A79-9902-2038903D126D} = {827E0CD3-B72D-47B6-A68D-7590B98EB39B}
		{53D906AA-A4A6-4F52-AB9D-26769FEF90FF} = {827E0CD3-B72D-47B6-A68D-7590B98EB39B}
		{0BED1FFD-0798-44F0-AF5A-B2EE606FCF23} = {827E0CD3-B72D-47B6-A68D-7590B98EB39B}
		{13661247-21DF-40C1-A62F-089DFE6A32D2} = {827E0CD3-B72D-47B6-A68D-7590B98EB39B}
		{DFB80728-D76A-4CD8-985E-EDA2293FC66E} = {827E0CD3-B72D-47B6-A68D-7590B98EB39B}
		{A69D9E0B-6C1D-4B14-983D-5B83D7E01F76} = {0AB3BF05-4346-4AA6-1389-037BE0695223}
		{5B78B259-31EA-46B6-A7F8-A73C0743E9C6} = {0AB3BF05-4346-4AA6-1389-037BE0695223}
	EndGlobalSection
EndGlobal
